{
  "originHash" : "0fe76268e89dfccbce74c98ba42892db2f95ea64b54f7a1478b5b3ae12d2bb0e",
  "pins" : [
    {
      "identity" : "realtimecutvadlibrary",
      "kind" : "remoteSourceControl",
      "location" : "https://github.com/helloooideeeeea/RealTimeCutVADLibrary",
      "state" : {
        "revision" : "b059608836a055dc0ce74ca2d0eeb19fc54cb7d4",
        "version" : "1.0.14"
      }
    },
    {
      "identity" : "starscream",
      "kind" : "remoteSourceControl",
      "location" : "https://github.com/daltoniam/Starscream.git",
      "state" : {
        "revision" : "c6bfd1af48efcc9a9ad203665db12375ba6b145a",
        "version" : "4.0.8"
      }
    }
  ],
  "version" : 3
}
